
Microsoft Visual Studio Solution File, Format Version 12.00
# Visual Studio 14
VisualStudioVersion = 14.0.25420.1
MinimumVisualStudioVersion = 10.0.40219.1
Project("{FAE04EC0-301F-11D3-BF4B-00C04F79EFBC}") = "HelloWorld", "ThreadsLocks\HelloWorld\HelloWorld.csproj", "{A7EC0717-E1C7-478B-99C9-FAF3A8DECAE4}"
EndProject
Project("{FAE04EC0-301F-11D3-BF4B-00C04F79EFBC}") = "Counting", "ThreadsLocks\Counting\Counting.csproj", "{E491D5D4-0A91-4EE9-99B4-D4C16AC97FF1}"
EndProject
Project("{2150E333-8FDC-42A3-9474-1A3956D46DE8}") = "ThreadsLocks", "ThreadsLocks", "{609C97DD-57FF-4F36-99F5-760D0B2C34CA}"
EndProject
Project("{FAE04EC0-301F-11D3-BF4B-00C04F79EFBC}") = "Puzzle", "ThreadsLocks\Puzzle\Puzzle.csproj", "{F128E15B-EFB0-42CE-B768-4DB4F1A301DE}"
EndProject
Project("{FAE04EC0-301F-11D3-BF4B-00C04F79EFBC}") = "Philosopher", "ThreadsLocks\Philosopher\Philosopher.csproj", "{601BD9E2-D25B-46C9-BBE2-20D0C810B877}"
EndProject
Project("{FAE04EC0-301F-11D3-BF4B-00C04F79EFBC}") = "Uninterruptible", "ThreadsLocks\Uninterruptible\Uninterruptible.csproj", "{5A33F6C7-8465-47C3-9EDC-1EB44807E9D5}"
EndProject
Project("{FAE04EC0-301F-11D3-BF4B-00C04F79EFBC}") = "ConcurrentSortedList", "ThreadsLocks\ConcurrentSortedList\ConcurrentSortedList.csproj", "{A1738C62-8854-4C7E-B5D1-7E149071894E}"
EndProject
Global
	GlobalSection(SolutionConfigurationPlatforms) = preSolution
		Debug|Any CPU = Debug|Any CPU
		Release|Any CPU = Release|Any CPU
	EndGlobalSection
	GlobalSection(ProjectConfigurationPlatforms) = postSolution
		{A7EC0717-E1C7-478B-99C9-FAF3A8DECAE4}.Debug|Any CPU.ActiveCfg = Debug|Any CPU
		{A7EC0717-E1C7-478B-99C9-FAF3A8DECAE4}.Debug|Any CPU.Build.0 = Debug|Any CPU
		{A7EC0717-E1C7-478B-99C9-FAF3A8DECAE4}.Release|Any CPU.ActiveCfg = Release|Any CPU
		{A7EC0717-E1C7-478B-99C9-FAF3A8DECAE4}.Release|Any CPU.Build.0 = Release|Any CPU
		{E491D5D4-0A91-4EE9-99B4-D4C16AC97FF1}.Debug|Any CPU.ActiveCfg = Debug|Any CPU
		{E491D5D4-0A91-4EE9-99B4-D4C16AC97FF1}.Debug|Any CPU.Build.0 = Debug|Any CPU
		{E491D5D4-0A91-4EE9-99B4-D4C16AC97FF1}.Release|Any CPU.ActiveCfg = Release|Any CPU
		{E491D5D4-0A91-4EE9-99B4-D4C16AC97FF1}.Release|Any CPU.Build.0 = Release|Any CPU
		{F128E15B-EFB0-42CE-B768-4DB4F1A301DE}.Debug|Any CPU.ActiveCfg = Debug|Any CPU
		{F128E15B-EFB0-42CE-B768-4DB4F1A301DE}.Debug|Any CPU.Build.0 = Debug|Any CPU
		{F128E15B-EFB0-42CE-B768-4DB4F1A301DE}.Release|Any CPU.ActiveCfg = Release|Any CPU
		{F128E15B-EFB0-42CE-B768-4DB4F1A301DE}.Release|Any CPU.Build.0 = Release|Any CPU
		{601BD9E2-D25B-46C9-BBE2-20D0C810B877}.Debug|Any CPU.ActiveCfg = Debug|Any CPU
		{601BD9E2-D25B-46C9-BBE2-20D0C810B877}.Debug|Any CPU.Build.0 = Debug|Any CPU
		{601BD9E2-D25B-46C9-BBE2-20D0C810B877}.Release|Any CPU.ActiveCfg = Release|Any CPU
		{601BD9E2-D25B-46C9-BBE2-20D0C810B877}.Release|Any CPU.Build.0 = Release|Any CPU
		{5A33F6C7-8465-47C3-9EDC-1EB44807E9D5}.Debug|Any CPU.ActiveCfg = Debug|Any CPU
		{5A33F6C7-8465-47C3-9EDC-1EB44807E9D5}.Debug|Any CPU.Build.0 = Debug|Any CPU
		{5A33F6C7-8465-47C3-9EDC-1EB44807E9D5}.Release|Any CPU.ActiveCfg = Release|Any CPU
		{5A33F6C7-8465-47C3-9EDC-1EB44807E9D5}.Release|Any CPU.Build.0 = Release|Any CPU
		{A1738C62-8854-4C7E-B5D1-7E149071894E}.Debug|Any CPU.ActiveCfg = Debug|Any CPU
		{A1738C62-8854-4C7E-B5D1-7E149071894E}.Debug|Any CPU.Build.0 = Debug|Any CPU
		{A1738C62-8854-4C7E-B5D1-7E149071894E}.Release|Any CPU.ActiveCfg = Release|Any CPU
		{A1738C62-8854-4C7E-B5D1-7E149071894E}.Release|Any CPU.Build.0 = Release|Any CPU
	EndGlobalSection
	GlobalSection(SolutionProperties) = preSolution
		HideSolutionNode = FALSE
	EndGlobalSection
	GlobalSection(NestedProjects) = preSolution
		{A7EC0717-E1C7-478B-99C9-FAF3A8DECAE4} = {609C97DD-57FF-4F36-99F5-760D0B2C34CA}
		{E491D5D4-0A91-4EE9-99B4-D4C16AC97FF1} = {609C97DD-57FF-4F36-99F5-760D0B2C34CA}
		{F128E15B-EFB0-42CE-B768-4DB4F1A301DE} = {609C97DD-57FF-4F36-99F5-760D0B2C34CA}
		{601BD9E2-D25B-46C9-BBE2-20D0C810B877} = {609C97DD-57FF-4F36-99F5-760D0B2C34CA}
		{5A33F6C7-8465-47C3-9EDC-1EB44807E9D5} = {609C97DD-57FF-4F36-99F5-760D0B2C34CA}
		{A1738C62-8854-4C7E-B5D1-7E149071894E} = {609C97DD-57FF-4F36-99F5-760D0B2C34CA}
	EndGlobalSection
EndGlobal
